
Microsoft Visual Studio Solution File, Format Version 12.00
# Visual Studio Version 17
VisualStudioVersion = 17.10.35027.167
MinimumVisualStudioVersion = 10.0.40219.1
Project("{9A19103F-16F7-4668-BE54-9A1E7A4F7556}") = "TurkiyeFinans", "TurkiyeFinans\TurkiyeFinans.csproj", "{203753A9-F085-4B80-9F51-34566B329C80}"
EndProject
Project("{E53339B2-1760-4266-BCC7-CA923CBCF16C}") = "docker-compose", "docker-compose.dcproj", "{0CE39902-2264-4313-90FB-383B1D43BF15}"
EndProject
Global
	GlobalSection(SolutionConfigurationPlatforms) = preSolution
		Debug|Any CPU = Debug|Any CPU
		Release|Any CPU = Release|Any CPU
	EndGlobalSection
	GlobalSection(ProjectConfigurationPlatforms) = postSolution
		{203753A9-F085-4B80-9F51-34566B329C80}.Debug|Any CPU.ActiveCfg = Debug|Any CPU
		{203753A9-F085-4B80-9F51-34566B329C80}.Debug|Any CPU.Build.0 = Debug|Any CPU
		{203753A9-F085-4B80-9F51-34566B329C80}.Release|Any CPU.ActiveCfg = Release|Any CPU
		{203753A9-F085-4B80-9F51-34566B329C80}.Release|Any CPU.Build.0 = Release|Any CPU
		{0CE39902-2264-4313-90FB-383B1D43BF15}.Debug|Any CPU.ActiveCfg = Debug|Any CPU
		{0CE39902-2264-4313-90FB-383B1D43BF15}.Debug|Any CPU.Build.0 = Debug|Any CPU
		{0CE39902-2264-4313-90FB-383B1D43BF15}.Release|Any CPU.ActiveCfg = Release|Any CPU
		{0CE39902-2264-4313-90FB-383B1D43BF15}.Release|Any CPU.Build.0 = Release|Any CPU
	EndGlobalSection
	GlobalSection(SolutionProperties) = preSolution
		HideSolutionNode = FALSE
	EndGlobalSection
	GlobalSection(ExtensibilityGlobals) = postSolution
		SolutionGuid = {22D34AF5-ED1D-4288-9CF2-6977EBE46B94}
	EndGlobalSection
EndGlobal
